// !$*UTF8*$!
{
	archiveVersion = 1;
	classes = {
	};
	objectVersion = 50;
	objects = {

/* Begin PBXBuildFile section */
		25D7095426EA5B1600AF4208 /* CircleImage.swift in Sources */ = {isa = PBXBuildFile; fileRef = 25D7095326EA5B1600AF4208 /* CircleImage.swift */; };
		25D7095826EA5F8C00AF4208 /* MapView.swift in Sources */ = {isa = PBXBuildFile; fileRef = 25D7095726EA5F8C00AF4208 /* MapView.swift */; };
		25D7095A26EAED1E00AF4208 /* Landmark.swift in Sources */ = {isa = PBXBuildFile; fileRef = 25D7095926EAED1E00AF4208 /* Landmark.swift */; };
		25D7095C26EAF2AA00AF4208 /* ModelData.swift in Sources */ = {isa = PBXBuildFile; fileRef = 25D7095B26EAF2AA00AF4208 /* ModelData.swift */; };
		25D7095E26EAF4BD00AF4208 /* landmarks.json in Resources */ = {isa = PBXBuildFile; fileRef = 25D7095D26EAF4BD00AF4208 /* landmarks.json */; };
		25D7096426EAF5EB00AF4208 /* LandmarkRow.swift in Sources */ = {isa = PBXBuildFile; fileRef = 25D7096326EAF5EB00AF4208 /* LandmarkRow.swift */; };
		25D7097326EAFAA400AF4208 /* charleyrivers.jpg in Resources */ = {isa = PBXBuildFile; fileRef = 25D7096526EAFAA300AF4208 /* charleyrivers.jpg */; };
		25D7097426EAFAA400AF4208 /* chilkoottrail.jpg in Resources */ = {isa = PBXBuildFile; fileRef = 25D7096626EAFAA300AF4208 /* chilkoottrail.jpg */; };
		25D7097526EAFAA400AF4208 /* turtlerock.jpg in Resources */ = {isa = PBXBuildFile; fileRef = 25D7096726EAFAA300AF4208 /* turtlerock.jpg */; };
		25D7097626EAFAA400AF4208 /* lakemcdonald.jpg in Resources */ = {isa = PBXBuildFile; fileRef = 25D7096826EAFAA300AF4208 /* lakemcdonald.jpg */; };
		25D7097726EAFAA400AF4208 /* hiddenlake.jpg in Resources */ = {isa = PBXBuildFile; fileRef = 25D7096926EAFAA300AF4208 /* hiddenlake.jpg */; };
		25D7097826EAFAA400AF4208 /* chincoteague.jpg in Resources */ = {isa = PBXBuildFile; fileRef = 25D7096A26EAFAA300AF4208 /* chincoteague.jpg */; };
		25D7097926EAFAA400AF4208 /* rainbowlake.jpg in Resources */ = {isa = PBXBuildFile; fileRef = 25D7096B26EAFAA300AF4208 /* rainbowlake.jpg */; };
		25D7097A26EAFAA400AF4208 /* silversalmoncreek.jpg in Resources */ = {isa = PBXBuildFile; fileRef = 25D7096C26EAFAA300AF4208 /* silversalmoncreek.jpg */; };
		25D7097B26EAFAA400AF4208 /* umbagog.jpg in Resources */ = {isa = PBXBuildFile; fileRef = 25D7096D26EAFAA300AF4208 /* umbagog.jpg */; };
		25D7097D26EAFAA400AF4208 /* stmarylake.jpg in Resources */ = {isa = PBXBuildFile; fileRef = 25D7096F26EAFAA400AF4208 /* stmarylake.jpg */; };
		25D7097E26EAFAA400AF4208 /* hikeData.json in Resources */ = {isa = PBXBuildFile; fileRef = 25D7097026EAFAA400AF4208 /* hikeData.json */; };
		25D7097F26EAFAA400AF4208 /* twinlake.jpg in Resources */ = {isa = PBXBuildFile; fileRef = 25D7097126EAFAA400AF4208 /* twinlake.jpg */; };
		25D7098026EAFAA400AF4208 /* icybay.jpg in Resources */ = {isa = PBXBuildFile; fileRef = 25D7097226EAFAA400AF4208 /* icybay.jpg */; };
		25D7098226EB0F8C00AF4208 /* LandmarkList.swift in Sources */ = {isa = PBXBuildFile; fileRef = 25D7098126EB0F8C00AF4208 /* LandmarkList.swift */; };
		25D7098426EB121300AF4208 /* LandmarkDetail.swift in Sources */ = {isa = PBXBuildFile; fileRef = 25D7098326EB121200AF4208 /* LandmarkDetail.swift */; };
		25D7098826EB155F00AF4208 /* landmarkData.json in Resources */ = {isa = PBXBuildFile; fileRef = 25D7098726EB155F00AF4208 /* landmarkData.json */; };
		25D7098A26EB240800AF4208 /* FavoriteButton.swift in Sources */ = {isa = PBXBuildFile; fileRef = 25D7098926EB240800AF4208 /* FavoriteButton.swift */; };
		25EC60FF26EA55B700471DAB /* LandmarkApp.swift in Sources */ = {isa = PBXBuildFile; fileRef = 25EC60FE26EA55B700471DAB /* LandmarkApp.swift */; };
		25EC610126EA55B700471DAB /* ContentView.swift in Sources */ = {isa = PBXBuildFile; fileRef = 25EC610026EA55B700471DAB /* ContentView.swift */; };
		25EC610326EA55BC00471DAB /* Assets.xcassets in Resources */ = {isa = PBXBuildFile; fileRef = 25EC610226EA55BC00471DAB /* Assets.xcassets */; };
		25EC610626EA55BC00471DAB /* Preview Assets.xcassets in Resources */ = {isa = PBXBuildFile; fileRef = 25EC610526EA55BC00471DAB /* Preview Assets.xcassets */; };
/* End PBXBuildFile section */

/* Begin PBXFileReference section */
		25D7095326EA5B1600AF4208 /* CircleImage.swift */ = {isa = PBXFileReference; lastKnownFileType = sourcecode.swift; path = CircleImage.swift; sourceTree = "<group>"; };
		25D7095726EA5F8C00AF4208 /* MapView.swift */ = {isa = PBXFileReference; lastKnownFileType = sourcecode.swift; path = MapView.swift; sourceTree = "<group>"; };
		25D7095926EAED1E00AF4208 /* Landmark.swift */ = {isa = PBXFileReference; lastKnownFileType = sourcecode.swift; path = Landmark.swift; sourceTree = "<group>"; };
		25D7095B26EAF2AA00AF4208 /* ModelData.swift */ = {isa = PBXFileReference; lastKnownFileType = sourcecode.swift; path = ModelData.swift; sourceTree = "<group>"; };
		25D7095D26EAF4BD00AF4208 /* landmarks.json */ = {isa = PBXFileReference; fileEncoding = 4; lastKnownFileType = text.json; path = landmarks.json; sourceTree = "<group>"; };
		25D7096326EAF5EB00AF4208 /* LandmarkRow.swift */ = {isa = PBXFileReference; lastKnownFileType = sourcecode.swift; path = LandmarkRow.swift; sourceTree = "<group>"; };
		25D7096526EAFAA300AF4208 /* charleyrivers.jpg */ = {isa = PBXFileReference; lastKnownFileType = image.jpeg; name = charleyrivers.jpg; path = "../../../../github/SwiftUI-Tutorials-Landmark/Landmarks/Resources/charleyrivers.jpg"; sourceTree = "<group>"; };
		25D7096626EAFAA300AF4208 /* chilkoottrail.jpg */ = {isa = PBXFileReference; lastKnownFileType = image.jpeg; name = chilkoottrail.jpg; path = "../../../../github/SwiftUI-Tutorials-Landmark/Landmarks/Resources/chilkoottrail.jpg"; sourceTree = "<group>"; };
		25D7096726EAFAA300AF4208 /* turtlerock.jpg */ = {isa = PBXFileReference; lastKnownFileType = image.jpeg; name = turtlerock.jpg; path = "../../../../github/SwiftUI-Tutorials-Landmark/Landmarks/Resources/turtlerock.jpg"; sourceTree = "<group>"; };
		25D7096826EAFAA300AF4208 /* lakemcdonald.jpg */ = {isa = PBXFileReference; lastKnownFileType = image.jpeg; name = lakemcdonald.jpg; path = "../../../../github/SwiftUI-Tutorials-Landmark/Landmarks/Resources/lakemcdonald.jpg"; sourceTree = "<group>"; };
		25D7096926EAFAA300AF4208 /* hiddenlake.jpg */ = {isa = PBXFileReference; lastKnownFileType = image.jpeg; name = hiddenlake.jpg; path = "../../../../github/SwiftUI-Tutorials-Landmark/Landmarks/Resources/hiddenlake.jpg"; sourceTree = "<group>"; };
		25D7096A26EAFAA300AF4208 /* chincoteague.jpg */ = {isa = PBXFileReference; lastKnownFileType = image.jpeg; name = chincoteague.jpg; path = "../../../../github/SwiftUI-Tutorials-Landmark/Landmarks/Resources/chincoteague.jpg"; sourceTree = "<group>"; };
		25D7096B26EAFAA300AF4208 /* rainbowlake.jpg */ = {isa = PBXFileReference; lastKnownFileType = image.jpeg; name = rainbowlake.jpg; path = "../../../../github/SwiftUI-Tutorials-Landmark/Landmarks/Resources/rainbowlake.jpg"; sourceTree = "<group>"; };
		25D7096C26EAFAA300AF4208 /* silversalmoncreek.jpg */ = {isa = PBXFileReference; lastKnownFileType = image.jpeg; name = silversalmoncreek.jpg; path = "../../../../github/SwiftUI-Tutorials-Landmark/Landmarks/Resources/silversalmoncreek.jpg"; sourceTree = "<group>"; };
		25D7096D26EAFAA300AF4208 /* umbagog.jpg */ = {isa = PBXFileReference; lastKnownFileType = image.jpeg; name = umbagog.jpg; path = "../../../../github/SwiftUI-Tutorials-Landmark/Landmarks/Resources/umbagog.jpg"; sourceTree = "<group>"; };
		25D7096F26EAFAA400AF4208 /* stmarylake.jpg */ = {isa = PBXFileReference; lastKnownFileType = image.jpeg; name = stmarylake.jpg; path = "../../../../github/SwiftUI-Tutorials-Landmark/Landmarks/Resources/stmarylake.jpg"; sourceTree = "<group>"; };
		25D7097026EAFAA400AF4208 /* hikeData.json */ = {isa = PBXFileReference; fileEncoding = 4; lastKnownFileType = text.json; path = hikeData.json; sourceTree = "<group>"; };
		25D7097126EAFAA400AF4208 /* twinlake.jpg */ = {isa = PBXFileReference; lastKnownFileType = image.jpeg; name = twinlake.jpg; path = "../../../../github/SwiftUI-Tutorials-Landmark/Landmarks/Resources/twinlake.jpg"; sourceTree = "<group>"; };
		25D7097226EAFAA400AF4208 /* icybay.jpg */ = {isa = PBXFileReference; lastKnownFileType = image.jpeg; name = icybay.jpg; path = "../../../../github/SwiftUI-Tutorials-Landmark/Landmarks/Resources/icybay.jpg"; sourceTree = "<group>"; };
		25D7098126EB0F8C00AF4208 /* LandmarkList.swift */ = {isa = PBXFileReference; lastKnownFileType = sourcecode.swift; path = LandmarkList.swift; sourceTree = "<group>"; };
		25D7098326EB121200AF4208 /* LandmarkDetail.swift */ = {isa = PBXFileReference; lastKnownFileType = sourcecode.swift; path = LandmarkDetail.swift; sourceTree = "<group>"; };
		25D7098726EB155F00AF4208 /* landmarkData.json */ = {isa = PBXFileReference; fileEncoding = 4; lastKnownFileType = text.json; name = landmarkData.json; path = ../../../../../Downloads/BuildingListsAndNavigation/Resources/landmarkData.json; sourceTree = "<group>"; };
		25D7098926EB240800AF4208 /* FavoriteButton.swift */ = {isa = PBXFileReference; lastKnownFileType = sourcecode.swift; path = FavoriteButton.swift; sourceTree = "<group>"; };
		25EC60FB26EA55B700471DAB /* Landmark.app */ = {isa = PBXFileReference; explicitFileType = wrapper.application; includeInIndex = 0; path = Landmark.app; sourceTree = BUILT_PRODUCTS_DIR; };
		25EC60FE26EA55B700471DAB /* LandmarkApp.swift */ = {isa = PBXFileReference; lastKnownFileType = sourcecode.swift; path = LandmarkApp.swift; sourceTree = "<group>"; };
		25EC610026EA55B700471DAB /* ContentView.swift */ = {isa = PBXFileReference; lastKnownFileType = sourcecode.swift; path = ContentView.swift; sourceTree = "<group>"; };
		25EC610226EA55BC00471DAB /* Assets.xcassets */ = {isa = PBXFileReference; lastKnownFileType = folder.assetcatalog; path = Assets.xcassets; sourceTree = "<group>"; };
		25EC610526EA55BC00471DAB /* Preview Assets.xcassets */ = {isa = PBXFileReference; lastKnownFileType = folder.assetcatalog; path = "Preview Assets.xcassets"; sourceTree = "<group>"; };
		25EC610726EA55BC00471DAB /* Info.plist */ = {isa = PBXFileReference; lastKnownFileType = text.plist.xml; path = Info.plist; sourceTree = "<group>"; };
/* End PBXFileReference section */

/* Begin PBXFrameworksBuildPhase section */
		25EC60F826EA55B700471DAB /* Frameworks */ = {
			isa = PBXFrameworksBuildPhase;
			buildActionMask = 2147483647;
			files = (
			);
			runOnlyForDeploymentPostprocessing = 0;
		};
/* End PBXFrameworksBuildPhase section */

/* Begin PBXGroup section */
		25D7096026EAF54A00AF4208 /* Views */ = {
			isa = PBXGroup;
			children = (
				25D7098B26EB24BD00AF4208 /* Landmark */,
				25EC610026EA55B700471DAB /* ContentView.swift */,
				25D7098C26EB24FF00AF4208 /* Helpers */,
			);
			path = Views;
			sourceTree = "<group>";
		};
		25D7096126EAF57E00AF4208 /* Model */ = {
			isa = PBXGroup;
			children = (
				25D7095926EAED1E00AF4208 /* Landmark.swift */,
				25D7095B26EAF2AA00AF4208 /* ModelData.swift */,
			);
			path = Model;
			sourceTree = "<group>";
		};
		25D7096226EAF58D00AF4208 /* Resources */ = {
			isa = PBXGroup;
			children = (
				25D7098726EB155F00AF4208 /* landmarkData.json */,
				25D7096526EAFAA300AF4208 /* charleyrivers.jpg */,
				25D7096626EAFAA300AF4208 /* chilkoottrail.jpg */,
				25D7096A26EAFAA300AF4208 /* chincoteague.jpg */,
				25D7096926EAFAA300AF4208 /* hiddenlake.jpg */,
				25D7097026EAFAA400AF4208 /* hikeData.json */,
				25D7097226EAFAA400AF4208 /* icybay.jpg */,
				25D7096826EAFAA300AF4208 /* lakemcdonald.jpg */,
				25D7096B26EAFAA300AF4208 /* rainbowlake.jpg */,
				25D7096C26EAFAA300AF4208 /* silversalmoncreek.jpg */,
				25D7096F26EAFAA400AF4208 /* stmarylake.jpg */,
				25D7096726EAFAA300AF4208 /* turtlerock.jpg */,
				25D7097126EAFAA400AF4208 /* twinlake.jpg */,
				25D7096D26EAFAA300AF4208 /* umbagog.jpg */,
				25D7095D26EAF4BD00AF4208 /* landmarks.json */,
			);
			path = Resources;
			sourceTree = "<group>";
		};
		25D7098B26EB24BD00AF4208 /* Landmark */ = {
			isa = PBXGroup;
			children = (
				25D7096326EAF5EB00AF4208 /* LandmarkRow.swift */,
				25D7098326EB121200AF4208 /* LandmarkDetail.swift */,
				25D7098126EB0F8C00AF4208 /* LandmarkList.swift */,
			);
			name = Landmark;
			path = Landmarks;
			sourceTree = "<group>";
		};
		25D7098C26EB24FF00AF4208 /* Helpers */ = {
			isa = PBXGroup;
			children = (
				25D7095326EA5B1600AF4208 /* CircleImage.swift */,
				25D7095726EA5F8C00AF4208 /* MapView.swift */,
				25D7098926EB240800AF4208 /* FavoriteButton.swift */,
			);
			path = Helpers;
			sourceTree = "<group>";
		};
		25EC60F226EA55B600471DAB = {
			isa = PBXGroup;
			children = (
				25EC60FD26EA55B700471DAB /* Landmark */,
				25EC60FC26EA55B700471DAB /* Products */,
			);
			sourceTree = "<group>";
		};
		25EC60FC26EA55B700471DAB /* Products */ = {
			isa = PBXGroup;
			children = (
				25EC60FB26EA55B700471DAB /* Landmark.app */,
			);
			name = Products;
			sourceTree = "<group>";
		};
		25EC60FD26EA55B700471DAB /* Landmark */ = {
			isa = PBXGroup;
			children = (
				25EC610226EA55BC00471DAB /* Assets.xcassets */,
				25EC610726EA55BC00471DAB /* Info.plist */,
				25EC60FE26EA55B700471DAB /* LandmarkApp.swift */,
				25D7096126EAF57E00AF4208 /* Model */,
				25EC610426EA55BC00471DAB /* Preview Content */,
				25D7096226EAF58D00AF4208 /* Resources */,
				25D7096026EAF54A00AF4208 /* Views */,
			);
			path = Landmark;
			sourceTree = "<group>";
		};
		25EC610426EA55BC00471DAB /* Preview Content */ = {
			isa = PBXGroup;
			children = (
				25EC610526EA55BC00471DAB /* Preview Assets.xcassets */,
			);
			path = "Preview Content";
			sourceTree = "<group>";
		};
/* End PBXGroup section */

/* Begin PBXNativeTarget section */
		25EC60FA26EA55B700471DAB /* Landmark */ = {
			isa = PBXNativeTarget;
			buildConfigurationList = 25EC610A26EA55BC00471DAB /* Build configuration list for PBXNativeTarget "Landmark" */;
			buildPhases = (
				25EC60F726EA55B700471DAB /* Sources */,
				25EC60F826EA55B700471DAB /* Frameworks */,
				25EC60F926EA55B700471DAB /* Resources */,
			);
			buildRules = (
			);
			dependencies = (
			);
			name = Landmark;
			productName = Landmark;
			productReference = 25EC60FB26EA55B700471DAB /* Landmark.app */;
			productType = "com.apple.product-type.application";
		};
/* End PBXNativeTarget section */

/* Begin PBXProject section */
		25EC60F326EA55B600471DAB /* Project object */ = {
			isa = PBXProject;
			attributes = {
				LastSwiftUpdateCheck = 1250;
				LastUpgradeCheck = 1250;
				TargetAttributes = {
					25EC60FA26EA55B700471DAB = {
						CreatedOnToolsVersion = 12.5.1;
					};
				};
			};
			buildConfigurationList = 25EC60F626EA55B600471DAB /* Build configuration list for PBXProject "Landmark" */;
			compatibilityVersion = "Xcode 9.3";
			developmentRegion = en;
			hasScannedForEncodings = 0;
			knownRegions = (
				en,
				Base,
			);
			mainGroup = 25EC60F226EA55B600471DAB;
			productRefGroup = 25EC60FC26EA55B700471DAB /* Products */;
			projectDirPath = "";
			projectRoot = "";
			targets = (
				25EC60FA26EA55B700471DAB /* Landmark */,
			);
		};
/* End PBXProject section */

/* Begin PBXResourcesBuildPhase section */
		25EC60F926EA55B700471DAB /* Resources */ = {
			isa = PBXResourcesBuildPhase;
			buildActionMask = 2147483647;
			files = (
				25D7097B26EAFAA400AF4208 /* umbagog.jpg in Resources */,
				25D7097626EAFAA400AF4208 /* lakemcdonald.jpg in Resources */,
				25D7097926EAFAA400AF4208 /* rainbowlake.jpg in Resources */,
				25EC610626EA55BC00471DAB /* Preview Assets.xcassets in Resources */,
				25D7097E26EAFAA400AF4208 /* hikeData.json in Resources */,
				25D7095E26EAF4BD00AF4208 /* landmarks.json in Resources */,
				25D7097D26EAFAA400AF4208 /* stmarylake.jpg in Resources */,
				25D7097826EAFAA400AF4208 /* chincoteague.jpg in Resources */,
				25D7097526EAFAA400AF4208 /* turtlerock.jpg in Resources */,
				25D7097F26EAFAA400AF4208 /* twinlake.jpg in Resources */,
				25EC610326EA55BC00471DAB /* Assets.xcassets in Resources */,
				25D7098026EAFAA400AF4208 /* icybay.jpg in Resources */,
				25D7097426EAFAA400AF4208 /* chilkoottrail.jpg in Resources */,
				25D7097A26EAFAA400AF4208 /* silversalmoncreek.jpg in Resources */,
				25D7097726EAFAA400AF4208 /* hiddenlake.jpg in Resources */,
				25D7097326EAFAA400AF4208 /* charleyrivers.jpg in Resources */,
				25D7098826EB155F00AF4208 /* landmarkData.json in Resources */,
			);
			runOnlyForDeploymentPostprocessing = 0;
		};
/* End PBXResourcesBuildPhase section */

/* Begin PBXSourcesBuildPhase section */
		25EC60F726EA55B700471DAB /* Sources */ = {
			isa = PBXSourcesBuildPhase;
			buildActionMask = 2147483647;
			files = (
				25EC610126EA55B700471DAB /* ContentView.swift in Sources */,
				25D7095826EA5F8C00AF4208 /* MapView.swift in Sources */,
				25EC60FF26EA55B700471DAB /* LandmarkApp.swift in Sources */,
				25D7098A26EB240800AF4208 /* FavoriteButton.swift in Sources */,
				25D7098226EB0F8C00AF4208 /* LandmarkList.swift in Sources */,
				25D7098426EB121300AF4208 /* LandmarkDetail.swift in Sources */,
				25D7095426EA5B1600AF4208 /* CircleImage.swift in Sources */,
				25D7095A26EAED1E00AF4208 /* Landmark.swift in Sources */,
				25D7096426EAF5EB00AF4208 /* LandmarkRow.swift in Sources */,
				25D7095C26EAF2AA00AF4208 /* ModelData.swift in Sources */,
			);
			runOnlyForDeploymentPostprocessing = 0;
		};
/* End PBXSourcesBuildPhase section */

/* Begin XCBuildConfiguration section */
		25EC610826EA55BC00471DAB /* Debug */ = {
			isa = XCBuildConfiguration;
			buildSettings = {
				ALWAYS_SEARCH_USER_PATHS = NO;
				CLANG_ANALYZER_NONNULL = YES;
				CLANG_ANALYZER_NUMBER_OBJECT_CONVERSION = YES_AGGRESSIVE;
				CLANG_CXX_LANGUAGE_STANDARD = "gnu++14";
				CLANG_CXX_LIBRARY = "libc++";
				CLANG_ENABLE_MODULES = YES;
				CLANG_ENABLE_OBJC_ARC = YES;
				CLANG_ENABLE_OBJC_WEAK = YES;
				CLANG_WARN_BLOCK_CAPTURE_AUTORELEASING = YES;
				CLANG_WARN_BOOL_CONVERSION = YES;
				CLANG_WARN_COMMA = YES;
				CLANG_WARN_CONSTANT_CONVERSION = YES;
				CLANG_WARN_DEPRECATED_OBJC_IMPLEMENTATIONS = YES;
				CLANG_WARN_DIRECT_OBJC_ISA_USAGE = YES_ERROR;
				CLANG_WARN_DOCUMENTATION_COMMENTS = YES;
				CLANG_WARN_EMPTY_BODY = YES;
				CLANG_WARN_ENUM_CONVERSION = YES;
				CLANG_WARN_INFINITE_RECURSION = YES;
				CLANG_WARN_INT_CONVERSION = YES;
				CLANG_WARN_NON_LITERAL_NULL_CONVERSION = YES;
				CLANG_WARN_OBJC_IMPLICIT_RETAIN_SELF = YES;
				CLANG_WARN_OBJC_LITERAL_CONVERSION = YES;
				CLANG_WARN_OBJC_ROOT_CLASS = YES_ERROR;
				CLANG_WARN_QUOTED_INCLUDE_IN_FRAMEWORK_HEADER = YES;
				CLANG_WARN_RANGE_LOOP_ANALYSIS = YES;
				CLANG_WARN_STRICT_PROTOTYPES = YES;
				CLANG_WARN_SUSPICIOUS_MOVE = YES;
				CLANG_WARN_UNGUARDED_AVAILABILITY = YES_AGGRESSIVE;
				CLANG_WARN_UNREACHABLE_CODE = YES;
				CLANG_WARN__DUPLICATE_METHOD_MATCH = YES;
				COPY_PHASE_STRIP = NO;
				DEBUG_INFORMATION_FORMAT = dwarf;
				ENABLE_STRICT_OBJC_MSGSEND = YES;
				ENABLE_TESTABILITY = YES;
				GCC_C_LANGUAGE_STANDARD = gnu11;
				GCC_DYNAMIC_NO_PIC = NO;
				GCC_NO_COMMON_BLOCKS = YES;
				GCC_OPTIMIZATION_LEVEL = 0;
				GCC_PREPROCESSOR_DEFINITIONS = (
					"DEBUG=1",
					"$(inherited)",
				);
				GCC_WARN_64_TO_32_BIT_CONVERSION = YES;
				GCC_WARN_ABOUT_RETURN_TYPE = YES_ERROR;
				GCC_WARN_UNDECLARED_SELECTOR = YES;
				GCC_WARN_UNINITIALIZED_AUTOS = YES_AGGRESSIVE;
				GCC_WARN_UNUSED_FUNCTION = YES;
				GCC_WARN_UNUSED_VARIABLE = YES;
				IPHONEOS_DEPLOYMENT_TARGET = 14.5;
				MTL_ENABLE_DEBUG_INFO = INCLUDE_SOURCE;
				MTL_FAST_MATH = YES;
				ONLY_ACTIVE_ARCH = YES;
				SDKROOT = iphoneos;
				SWIFT_ACTIVE_COMPILATION_CONDITIONS = DEBUG;
				SWIFT_OPTIMIZATION_LEVEL = "-Onone";
			};
			name = Debug;
		};
		25EC610926EA55BC00471DAB /* Release */ = {
			isa = XCBuildConfiguration;
			buildSettings = {
				ALWAYS_SEARCH_USER_PATHS = NO;
				CLANG_ANALYZER_NONNULL = YES;
				CLANG_ANALYZER_NUMBER_OBJECT_CONVERSION = YES_AGGRESSIVE;
				CLANG_CXX_LANGUAGE_STANDARD = "gnu++14";
				CLANG_CXX_LIBRARY = "libc++";
				CLANG_ENABLE_MODULES = YES;
				CLANG_ENABLE_OBJC_ARC = YES;
				CLANG_ENABLE_OBJC_WEAK = YES;
				CLANG_WARN_BLOCK_CAPTURE_AUTORELEASING = YES;
				CLANG_WARN_BOOL_CONVERSION = YES;
				CLANG_WARN_COMMA = YES;
				CLANG_WARN_CONSTANT_CONVERSION = YES;
				CLANG_WARN_DEPRECATED_OBJC_IMPLEMENTATIONS = YES;
				CLANG_WARN_DIRECT_OBJC_ISA_USAGE = YES_ERROR;
				CLANG_WARN_DOCUMENTATION_COMMENTS = YES;
				CLANG_WARN_EMPTY_BODY = YES;
				CLANG_WARN_ENUM_CONVERSION = YES;
				CLANG_WARN_INFINITE_RECURSION = YES;
				CLANG_WARN_INT_CONVERSION = YES;
				CLANG_WARN_NON_LITERAL_NULL_CONVERSION = YES;
				CLANG_WARN_OBJC_IMPLICIT_RETAIN_SELF = YES;
				CLANG_WARN_OBJC_LITERAL_CONVERSION = YES;
				CLANG_WARN_OBJC_ROOT_CLASS = YES_ERROR;
				CLANG_WARN_QUOTED_INCLUDE_IN_FRAMEWORK_HEADER = YES;
				CLANG_WARN_RANGE_LOOP_ANALYSIS = YES;
				CLANG_WARN_STRICT_PROTOTYPES = YES;
				CLANG_WARN_SUSPICIOUS_MOVE = YES;
				CLANG_WARN_UNGUARDED_AVAILABILITY = YES_AGGRESSIVE;
				CLANG_WARN_UNREACHABLE_CODE = YES;
				CLANG_WARN__DUPLICATE_METHOD_MATCH = YES;
				COPY_PHASE_STRIP = NO;
				DEBUG_INFORMATION_FORMAT = "dwarf-with-dsym";
				ENABLE_NS_ASSERTIONS = NO;
				ENABLE_STRICT_OBJC_MSGSEND = YES;
				GCC_C_LANGUAGE_STANDARD = gnu11;
				GCC_NO_COMMON_BLOCKS = YES;
				GCC_WARN_64_TO_32_BIT_CONVERSION = YES;
				GCC_WARN_ABOUT_RETURN_TYPE = YES_ERROR;
				GCC_WARN_UNDECLARED_SELECTOR = YES;
				GCC_WARN_UNINITIALIZED_AUTOS = YES_AGGRESSIVE;
				GCC_WARN_UNUSED_FUNCTION = YES;
				GCC_WARN_UNUSED_VARIABLE = YES;
				IPHONEOS_DEPLOYMENT_TARGET = 14.5;
				MTL_ENABLE_DEBUG_INFO = NO;
				MTL_FAST_MATH = YES;
				SDKROOT = iphoneos;
				SWIFT_COMPILATION_MODE = wholemodule;
				SWIFT_OPTIMIZATION_LEVEL = "-O";
				VALIDATE_PRODUCT = YES;
			};
			name = Release;
		};
		25EC610B26EA55BC00471DAB /* Debug */ = {
			isa = XCBuildConfiguration;
			buildSettings = {
				ASSETCATALOG_COMPILER_APPICON_NAME = AppIcon;
				ASSETCATALOG_COMPILER_GLOBAL_ACCENT_COLOR_NAME = AccentColor;
				CODE_SIGN_STYLE = Automatic;
				DEVELOPMENT_ASSET_PATHS = "\"Landmark/Preview Content\"";
				DEVELOPMENT_TEAM = U428PTUKS2;
				ENABLE_PREVIEWS = YES;
				INFOPLIST_FILE = Landmark/Info.plist;
				IPHONEOS_DEPLOYMENT_TARGET = 14.0;
				LD_RUNPATH_SEARCH_PATHS = (
					"$(inherited)",
					"@executable_path/Frameworks",
				);
				PRODUCT_BUNDLE_IDENTIFIER = com.dylanninin.Landmark;
				PRODUCT_NAME = "$(TARGET_NAME)";
				SWIFT_VERSION = 5.0;
				TARGETED_DEVICE_FAMILY = "1,2";
			};
			name = Debug;
		};
		25EC610C26EA55BC00471DAB /* Release */ = {
			isa = XCBuildConfiguration;
			buildSettings = {
				ASSETCATALOG_COMPILER_APPICON_NAME = AppIcon;
				ASSETCATALOG_COMPILER_GLOBAL_ACCENT_COLOR_NAME = AccentColor;
				CODE_SIGN_STYLE = Automatic;
				DEVELOPMENT_ASSET_PATHS = "\"Landmark/Preview Content\"";
				DEVELOPMENT_TEAM = U428PTUKS2;
				ENABLE_PREVIEWS = YES;
				INFOPLIST_FILE = Landmark/Info.plist;
				IPHONEOS_DEPLOYMENT_TARGET = 14.0;
				LD_RUNPATH_SEARCH_PATHS = (
					"$(inherited)",
					"@executable_path/Frameworks",
				);
				PRODUCT_BUNDLE_IDENTIFIER = com.dylanninin.Landmark;
				PRODUCT_NAME = "$(TARGET_NAME)";
				SWIFT_VERSION = 5.0;
				TARGETED_DEVICE_FAMILY = "1,2";
			};
			name = Release;
		};
/* End XCBuildConfiguration section */

/* Begin XCConfigurationList section */
		25EC60F626EA55B600471DAB /* Build configuration list for PBXProject "Landmark" */ = {
			isa = XCConfigurationList;
			buildConfigurations = (
				25EC610826EA55BC00471DAB /* Debug */,
				25EC610926EA55BC00471DAB /* Release */,
			);
			defaultConfigurationIsVisible = 0;
			defaultConfigurationName = Release;
		};
		25EC610A26EA55BC00471DAB /* Build configuration list for PBXNativeTarget "Landmark" */ = {
			isa = XCConfigurationList;
			buildConfigurations = (
				25EC610B26EA55BC00471DAB /* Debug */,
				25EC610C26EA55BC00471DAB /* Release */,
			);
			defaultConfigurationIsVisible = 0;
			defaultConfigurationName = Release;
		};
/* End XCConfigurationList section */
	};
	rootObject = 25EC60F326EA55B600471DAB /* Project object */;
}
